
Microsoft Visual Studio Solution File, Format Version 12.00
# Visual Studio 15
VisualStudioVersion = 15.0.28307.438
MinimumVisualStudioVersion = 10.0.40219.1
Project("{FAE04EC0-301F-11D3-BF4B-00C04F79EFBC}") = "ExcelToJson", "ExcelToJson\ExcelToJson.csproj", "{3DB30BBF-8C44-4652-BF31-BF4CAAB1ACED}"
EndProject
Global
	GlobalSection(SolutionConfigurationPlatforms) = preSolution
		Debug|Any CPU = Debug|Any CPU
		Debug|x64 = Debug|x64
		Debug|x86 = Debug|x86
		Release|Any CPU = Release|Any CPU
		Release|x64 = Release|x64
		Release|x86 = Release|x86
	EndGlobalSection
	GlobalSection(ProjectConfigurationPlatforms) = postSolution
		{3DB30BBF-8C44-4652-BF31-BF4CAAB1ACED}.Debug|Any CPU.ActiveCfg = Debug|Any CPU
		{3DB30BBF-8C44-4652-BF31-BF4CAAB1ACED}.Debug|Any CPU.Build.0 = Debug|Any CPU
		{3DB30BBF-8C44-4652-BF31-BF4CAAB1ACED}.Debug|x64.ActiveCfg = Debug|x64
		{3DB30BBF-8C44-4652-BF31-BF4CAAB1ACED}.Debug|x64.Build.0 = Debug|x64
		{3DB30BBF-8C44-4652-BF31-BF4CAAB1ACED}.Debug|x86.ActiveCfg = Release|x86
		{3DB30BBF-8C44-4652-BF31-BF4CAAB1ACED}.Debug|x86.Build.0 = Release|x86
		{3DB30BBF-8C44-4652-BF31-BF4CAAB1ACED}.Release|Any CPU.ActiveCfg = Release|Any CPU
		{3DB30BBF-8C44-4652-BF31-BF4CAAB1ACED}.Release|Any CPU.Build.0 = Release|Any CPU
		{3DB30BBF-8C44-4652-BF31-BF4CAAB1ACED}.Release|x64.ActiveCfg = Release|x64
		{3DB30BBF-8C44-4652-BF31-BF4CAAB1ACED}.Release|x64.Build.0 = Release|x64
		{3DB30BBF-8C44-4652-BF31-BF4CAAB1ACED}.Release|x86.ActiveCfg = Release|x86
		{3DB30BBF-8C44-4652-BF31-BF4CAAB1ACED}.Release|x86.Build.0 = Release|x86
	EndGlobalSection
	GlobalSection(SolutionProperties) = preSolution
		HideSolutionNode = FALSE
	EndGlobalSection
	GlobalSection(ExtensibilityGlobals) = postSolution
		SolutionGuid = {3A75AD50-7889-4C2A-8965-0127CFF5E920}
	EndGlobalSection
EndGlobal
